<?xml version="1.0" encoding="utf-8"?>
<Project ToolsVersion="4.0" xmlns="http://schemas.microsoft.com/developer/msbuild/2003">
  <ItemGroup>
    <Filter Include="Form Files">
      <UniqueIdentifier>{99349809-55BA-4b9d-BF79-8FDBB0286EB3}</UniqueIdentifier>
      <Extensions>ui</Extensions>
      <ParseFiles>false</ParseFiles>
    </Filter>
    <Filter Include="Form Files">
      <UniqueIdentifier>{99349809-55BA-4b9d-BF79-8FDBB0286EB3}</UniqueIdentifier>
      <Extensions>ui</Extensions>
      <ParseFiles>false</ParseFiles>
    </Filter>
    <Filter Include="Generated Files">
      <UniqueIdentifier>{71ED8ED8-ACB9-4CE9-BBE1-E00B30144E11}</UniqueIdentifier>
      <Extensions>cpp;c;cxx;moc;h;def;odl;idl;res;</Extensions>
    </Filter>
    <Filter Include="Generated Files">
      <UniqueIdentifier>{71ED8ED8-ACB9-4CE9-BBE1-E00B30144E11}</UniqueIdentifier>
      <Extensions>cpp;c;cxx;moc;h;def;odl;idl;res;</Extensions>
    </Filter>
    <Filter Include="Header Files">
      <UniqueIdentifier>{93995380-89BD-4b04-88EB-625FBE52EBFB}</UniqueIdentifier>
      <Extensions>h;hpp;hxx;hm;inl;inc;xsd</Extensions>
    </Filter>
    <Filter Include="Header Files">
      <UniqueIdentifier>{93995380-89BD-4b04-88EB-625FBE52EBFB}</UniqueIdentifier>
      <Extensions>h;hpp;hxx;hm;inl;inc;xsd</Extensions>
    </Filter>
    <Filter Include="Source Files">
      <UniqueIdentifier>{4FC737F1-C7A5-4376-A066-2A32D752A2FF}</UniqueIdentifier>
      <Extensions>cpp;c;cxx;def;odl;idl;hpj;bat;asm;asmx</Extensions>
    </Filter>
    <Filter Include="Source Files">
      <UniqueIdentifier>{4FC737F1-C7A5-4376-A066-2A32D752A2FF}</UniqueIdentifier>
      <Extensions>cpp;c;cxx;def;odl;idl;hpj;bat;asm;asmx</Extensions>
    </Filter>
    <Filter Include="Translation Files">
      <UniqueIdentifier>{639EADAA-A684-42e4-A9AD-28FC9BCB8F7C}</UniqueIdentifier>
      <Extensions>ts</Extensions>
      <ParseFiles>false</ParseFiles>
    </Filter>
  </ItemGroup>
  <ItemGroup>
    <ClCompile Include="formdraw.cpp">
      <Filter>Source Files</Filter>
    </ClCompile>
    <ClCompile Include="main.cpp">
      <Filter>Source Files</Filter>
    </ClCompile>
    <ClCompile Include="mainwindow.cpp">
      <Filter>Source Files</Filter>
    </ClCompile>
    <ClCompile Include="pxcpjson.cpp">
      <Filter>Source Files</Filter>
    </ClCompile>
    <ClCompile Include="Language.cpp">
      <Filter>Source Files</Filter>
    </ClCompile>
    <ClCompile Include="WatchComponentsWidget.cpp">
      <Filter>Source Files</Filter>
    </ClCompile>
    <ClCompile Include="ComponnetsItem.cpp">
      <Filter>Source Files</Filter>
    </ClCompile>
    <ClCompile Include="readexcel.cpp">
      <Filter>Generated Files</Filter>
    </ClCompile>
    <ClCompile Include="LanguageTextSelect.cpp">
      <Filter>Source Files</Filter>
    </ClCompile>
    <ClCompile Include="CodeJson.cpp">
      <Filter>Source Files</Filter>
    </ClCompile>
    <ClCompile Include="WatchView.cpp">
      <Filter>Source Files</Filter>
    </ClCompile>
    <ClCompile Include="VpWatchCode.cpp">
      <Filter>Source Files</Filter>
    </ClCompile>
    <ClCompile Include="WatchImage.cpp">
      <Filter>Source Files</Filter>
    </ClCompile>
    <ClCompile Include="ImageSelectWidget.cpp">
      <Filter>Source Files</Filter>
    </ClCompile>
    <ClCompile Include="Utils.cpp">
      <Filter>Source Files</Filter>
    </ClCompile>
    <ClCompile Include="ImageBinFun.cpp">
      <Filter>Generated Files</Filter>
    </ClCompile>
    <ClCompile Include="CRCUNIT.CPP">
      <Filter>Generated Files</Filter>
    </ClCompile>
    <ClCompile Include="minilzo\minilzo.c">
      <Filter>Generated Files</Filter>
    </ClCompile>
    <ClCompile Include="Veepoolzo.cpp">
      <Filter>Generated Files</Filter>
    </ClCompile>
    <ClCompile Include="ImageToBin.cpp">
      <Filter>Generated Files</Filter>
    </ClCompile>
  </ItemGroup>
  <ItemGroup>
    <QtMoc Include="formdraw.h">
      <Filter>Header Files</Filter>
    </QtMoc>
    <QtMoc Include="mainwindow.h">
      <Filter>Header Files</Filter>
    </QtMoc>
    <QtMoc Include="pxcpjson.h">
      <Filter>Header Files</Filter>
    </QtMoc>
    <QtMoc Include="Language.h">
      <Filter>Header Files</Filter>
    </QtMoc>
    <QtMoc Include="WatchComponentsWidget.h">
      <Filter>Header Files</Filter>
    </QtMoc>
    <QtMoc Include="readexcel.h">
      <Filter>Generated Files</Filter>
    </QtMoc>
    <QtMoc Include="LanguageTextSelect.h">
      <Filter>Header Files</Filter>
    </QtMoc>
    <QtMoc Include="CodeJson.h">
      <Filter>Header Files</Filter>
    </QtMoc>
    <QtMoc Include="WatchView.h">
      <Filter>Header Files</Filter>
    </QtMoc>
    <QtMoc Include="VpWatchCode.h">
      <Filter>Header Files</Filter>
    </QtMoc>
    <QtMoc Include="WatchImage.h">
      <Filter>Header Files</Filter>
    </QtMoc>
    <QtMoc Include="ImageSelectWidget.h">
      <Filter>Header Files</Filter>
    </QtMoc>
    <QtMoc Include="Utils.h">
      <Filter>Header Files</Filter>
    </QtMoc>
    <QtMoc Include="ImageToBin.h">
      <Filter>Generated Files</Filter>
    </QtMoc>
  </ItemGroup>
  <ItemGroup>
    <QtUic Include="formdraw.ui">
      <Filter>Form Files</Filter>
    </QtUic>
    <QtUic Include="mainwindow.ui">
      <Filter>Form Files</Filter>
    </QtUic>
    <QtUic Include="WatchComponentsWidget.ui">
      <Filter>Form Files</Filter>
    </QtUic>
    <QtUic Include="LanguageTextSelect.ui">
      <Filter>Form Files</Filter>
    </QtUic>
    <QtUic Include="ImageSelectWidget.ui">
      <Filter>Form Files</Filter>
    </QtUic>
  </ItemGroup>
  <ItemGroup>
    <ClInclude Include="version.h">
      <Filter>Header Files</Filter>
    </ClInclude>
    <ClInclude Include="ComponnetsItem.h">
      <Filter>Header Files</Filter>
    </ClInclude>
    <ClInclude Include="ImageBinFun.h">
      <Filter>Generated Files</Filter>
    </ClInclude>
    <ClInclude Include="CRCUNIT.H">
      <Filter>Generated Files</Filter>
    </ClInclude>
    <ClInclude Include="minilzo\LZOCONF.H">
      <Filter>Generated Files</Filter>
    </ClInclude>
    <ClInclude Include="minilzo\lzodefs.h">
      <Filter>Generated Files</Filter>
    </ClInclude>
    <ClInclude Include="minilzo\MINILZO.H">
      <Filter>Generated Files</Filter>
    </ClInclude>
    <ClInclude Include="minilzo\MinilzoTest.h">
      <Filter>Generated Files</Filter>
    </ClInclude>
    <ClInclude Include="veepoolzo.h">
      <Filter>Generated Files</Filter>
    </ClInclude>
  </ItemGroup>
  <ItemGroup>
    <QtTranslation Include="uiauto_zh.ts">
      <Filter>Translation Files</Filter>
    </QtTranslation>
  </ItemGroup>
  <ItemGroup>
    <None Include="minilzo\COPYING" />
    <None Include="minilzo\Makefile" />
    <None Include="minilzo\README.LZO" />
  </ItemGroup>
</Project>